dependencies:
- name: common
  repository: https://charts.bitnami.com/bitnami
  version: 2.13.3
- name: reloader
  repository: https://stakater.github.io/stakater-charts
  version: 1.0.72
digest: sha256:76e141cf4556e6157abfb9df4437b2c7215019dd9f0ef974b82375f2b02914ee
generated: "2024-03-27T11:38:47.418861646Z"
