dependencies:
- name: common
  repository: https://charts.bitnami.com/bitnami
  version: 2.27.0
- name: reloader
  repository: https://stakater.github.io/stakater-charts
  version: 1.0.44
digest: sha256:879661b649c8645b2981187a6fbb1cfa9861b137206a48358770d3d4225d5e1d
generated: "2025-02-26T22:42:19.776050179Z"
